{
  "name": "@marcoparrone/appwithtopbar",
  "version": "1.0.0",
  "lockfileVersion": 1,
  "requires": true,
  "dependencies": {
    "@material/animation": {
      "version": "1.0.0",
      "resolved": "https://registry.npmjs.org/@material/animation/-/animation-1.0.0.tgz",
      "integrity": "sha512-Ed5/vggn6ZhSJ87yn3ZS1d826VJNFz73jHF2bSsgRtHDoB8KCuOwQMfdgAgDa4lKDF6CDIPCKBZPKrs2ubehdw==",
      "requires": {
        "tslib": "^1.9.3"
      }
    },
    "@material/base": {
      "version": "1.0.0",
      "resolved": "https://registry.npmjs.org/@material/base/-/base-1.0.0.tgz",
      "integrity": "sha512-5dxFp46x5FA+Epg6YHLzN+5zRt9S2wR84UdvVAEJ1egea94m9UHUg7y9tAnNSN16aexRSywmzyLwPr+i8PGEYA==",
      "requires": {
        "tslib": "^1.9.3"
      }
    },
    "@material/dom": {
      "version": "1.1.0",
      "resolved": "https://registry.npmjs.org/@material/dom/-/dom-1.1.0.tgz",
      "integrity": "sha512-+HWW38ZaM2UBPu4+7QCusLDSf4tFT31rsEXHkTkxYSg/QpDivfPx6YDz4OmYtafmhPR1d1YjqB3MYysUHdodyw==",
      "requires": {
        "tslib": "^1.9.3"
      }
    },
    "@material/elevation": {
      "version": "1.1.0",
      "resolved": "https://registry.npmjs.org/@material/elevation/-/elevation-1.1.0.tgz",
      "integrity": "sha512-m4eATJvDhWK1BT+yA1iHz5mhAk8cV9olC4mjVzm4PTAqhDH2yya4WzjN1HPVHE/a65ObyZ7V4qopxu9MRocm3A==",
      "requires": {
        "@material/animation": "^1.0.0",
        "@material/feature-targeting": "^0.44.1",
        "@material/theme": "^1.1.0"
      }
    },
    "@material/feature-targeting": {
      "version": "0.44.1",
      "resolved": "https://registry.npmjs.org/@material/feature-targeting/-/feature-targeting-0.44.1.tgz",
      "integrity": "sha512-90cc7njn4aHbH9UxY8qgZth1W5JgOgcEdWdubH1t7sFkwqFxS5g3zgxSBt46TygFBVIXNZNq35Xmg80wgqO7Pg=="
    },
    "@material/react-material-icon": {
      "version": "0.15.0",
      "resolved": "https://registry.npmjs.org/@material/react-material-icon/-/react-material-icon-0.15.0.tgz",
      "integrity": "sha512-KDiMtMEtBZvqlma7wTS0ObY9BSFVtbCVkZiTnde/CxsYEQG9N6QwHClpbS4u/H8mWyXLdlSAQhK7rYSq1XGV0w==",
      "requires": {
        "@material/react-ripple": "^0.15.0",
        "classnames": "^2.2.6"
      }
    },
    "@material/react-ripple": {
      "version": "0.15.0",
      "resolved": "https://registry.npmjs.org/@material/react-ripple/-/react-ripple-0.15.0.tgz",
      "integrity": "sha512-8YPEpiQNOaq3QtMc1DBxVVqOg/XnoWDj/EJ8eW0xmB4HvXElztKNTZoIpAAuQMZ8jbyZkRJRiFDa33u+wLFDCg==",
      "requires": {
        "@material/dom": "^1.0.0",
        "@material/ripple": "^1.0.0",
        "classnames": "^2.2.6",
        "utility-types": "^3.2.1"
      }
    },
    "@material/react-top-app-bar": {
      "version": "0.15.0",
      "resolved": "https://registry.npmjs.org/@material/react-top-app-bar/-/react-top-app-bar-0.15.0.tgz",
      "integrity": "sha512-3V1orfrj4dMQEwKP4of29qs6RCOVWHYejrCRrP3a/wK+wmnxqN7rp2Q+n/UzfxmcYqoY5kKmpn+iuAUbZd+Ykg==",
      "requires": {
        "@material/react-ripple": "^0.15.0",
        "@material/top-app-bar": "^1.1.0",
        "classnames": "^2.2.6"
      }
    },
    "@material/ripple": {
      "version": "1.1.0",
      "resolved": "https://registry.npmjs.org/@material/ripple/-/ripple-1.1.0.tgz",
      "integrity": "sha512-mkfDBZAmxjpRG7V9TrfOmLxt1g/wvGHCXtYPgvH7W8ozjf53edqxLOFENEdvHbie27y9nyixzXn0gzU0HnxSeA==",
      "requires": {
        "@material/animation": "^1.0.0",
        "@material/base": "^1.0.0",
        "@material/dom": "^1.1.0",
        "@material/feature-targeting": "^0.44.1",
        "@material/theme": "^1.1.0",
        "tslib": "^1.9.3"
      }
    },
    "@material/rtl": {
      "version": "0.42.0",
      "resolved": "https://registry.npmjs.org/@material/rtl/-/rtl-0.42.0.tgz",
      "integrity": "sha512-VrnrKJzhmspsN8WXHuxxBZ69yM5IwhCUqWr1t1eNfw3ZEvEj7i1g3P31HGowKThIN1dc1Wh4LE14rCISWCtv5w=="
    },
    "@material/shape": {
      "version": "1.1.1",
      "resolved": "https://registry.npmjs.org/@material/shape/-/shape-1.1.1.tgz",
      "integrity": "sha512-Jge/h1XBLjdLlam4QMSzVgM99e/N8+elQROPkltqVP7eyLc17BwM3aP5cLVfZDgrJgvsjUxbgAP1H1j8sqmUyg==",
      "requires": {
        "@material/feature-targeting": "^0.44.1"
      }
    },
    "@material/theme": {
      "version": "1.1.0",
      "resolved": "https://registry.npmjs.org/@material/theme/-/theme-1.1.0.tgz",
      "integrity": "sha512-YYUV9Rhbx4r/EMb/zoOYJUWjhXChNaLlH1rqt3vpNVyxRcxGqoVMGp5u1XALBCFiD9dACPKLIkKyRYa928nmPQ==",
      "requires": {
        "@material/feature-targeting": "^0.44.1"
      }
    },
    "@material/top-app-bar": {
      "version": "1.1.1",
      "resolved": "https://registry.npmjs.org/@material/top-app-bar/-/top-app-bar-1.1.1.tgz",
      "integrity": "sha512-UZ2aHB+lzI+ddy/Hcy61hvNbSZBLArgWwVtA1r4UvQAlvht0Zl85jCj1vs+GM+qxbMFfXFet2q0n5p4ykk9v7g==",
      "requires": {
        "@material/animation": "^1.0.0",
        "@material/base": "^1.0.0",
        "@material/elevation": "^1.1.0",
        "@material/ripple": "^1.1.0",
        "@material/rtl": "^0.42.0",
        "@material/shape": "^1.1.1",
        "@material/theme": "^1.1.0",
        "@material/typography": "^1.0.0",
        "tslib": "^1.9.3"
      }
    },
    "@material/typography": {
      "version": "1.0.0",
      "resolved": "https://registry.npmjs.org/@material/typography/-/typography-1.0.0.tgz",
      "integrity": "sha512-Oeqbjci1cC7jTE8/n3dwnkqKe9ZeWiaE+rgMtRYtRFw1HvAw14SpGA5EEAS/Li2Hu2KZ50FYCe3HYqShfxtChA==",
      "requires": {
        "@material/feature-targeting": "^0.44.1"
      }
    },
    "classnames": {
      "version": "2.2.6",
      "resolved": "https://registry.npmjs.org/classnames/-/classnames-2.2.6.tgz",
      "integrity": "sha512-JR/iSQOSt+LQIWwrwEzJ9uk0xfN3mTVYMwt1Ir5mUcSN6pU+V4zQFFaJsclJbPuAUQH+yfWef6tm7l1quW3C8Q=="
    },
    "js-tokens": {
      "version": "4.0.0",
      "resolved": "https://registry.npmjs.org/js-tokens/-/js-tokens-4.0.0.tgz",
      "integrity": "sha512-RdJUflcE3cUzKiMqQgsCu06FPu9UdIJO0beYbPhHN4k6apgJtifcoCtT9bcxOpYBtpD2kCM6Sbzg4CausW/PKQ=="
    },
    "loose-envify": {
      "version": "1.4.0",
      "resolved": "https://registry.npmjs.org/loose-envify/-/loose-envify-1.4.0.tgz",
      "integrity": "sha512-lyuxPGr/Wfhrlem2CL/UcnUc1zcqKAImBDzukY7Y5F/yQiNdko6+fRLevlw1HgMySw7f611UIY408EtxRSoK3Q==",
      "requires": {
        "js-tokens": "^3.0.0 || ^4.0.0"
      }
    },
    "object-assign": {
      "version": "4.1.1",
      "resolved": "https://registry.npmjs.org/object-assign/-/object-assign-4.1.1.tgz",
      "integrity": "sha1-IQmtx5ZYh8/AXLvUQsrIv7s2CGM="
    },
    "react": {
      "version": "17.0.1",
      "resolved": "https://registry.npmjs.org/react/-/react-17.0.1.tgz",
      "integrity": "sha512-lG9c9UuMHdcAexXtigOZLX8exLWkW0Ku29qPRU8uhF2R9BN96dLCt0psvzPLlHc5OWkgymP3qwTRgbnw5BKx3w==",
      "requires": {
        "loose-envify": "^1.1.0",
        "object-assign": "^4.1.1"
      }
    },
    "tslib": {
      "version": "1.14.1",
      "resolved": "https://registry.npmjs.org/tslib/-/tslib-1.14.1.tgz",
      "integrity": "sha512-Xni35NKzjgMrwevysHTCArtLDpPvye8zV/0E4EyYn43P7/7qvQwPh9BGkHewbMulVntbigmcT7rdX3BNo9wRJg=="
    },
    "utility-types": {
      "version": "3.10.0",
      "resolved": "https://registry.npmjs.org/utility-types/-/utility-types-3.10.0.tgz",
      "integrity": "sha512-O11mqxmi7wMKCo6HKFt5AhO4BwY3VV68YU07tgxfz8zJTIxr4BpsezN49Ffwy9j3ZpwwJp4fkRwjRzq3uWE6Rg=="
    }
  }
}
